
Microsoft Visual Studio Solution File, Format Version 12.00
# Visual Studio 14
VisualStudioVersion = 14.0.25420.1
MinimumVisualStudioVersion = 10.0.40219.1
Project("{FAE04EC0-301F-11D3-BF4B-00C04F79EFBC}") = "client_Congtrong", "client_Congtrong\client_Congtrong.csproj", "{34D0532D-E59E-4E1D-B6AB-FAF7AFAD6DCF}"
EndProject
Project("{FAE04EC0-301F-11D3-BF4B-00C04F79EFBC}") = "Server_congtrong", "Server_congtrong\Server_congtrong.csproj", "{62B39CB6-98F8-44AE-B1AA-150B343EE15C}"
EndProject
Global
	GlobalSection(SolutionConfigurationPlatforms) = preSolution
		Debug|Any CPU = Debug|Any CPU
		Release|Any CPU = Release|Any CPU
	EndGlobalSection
	GlobalSection(ProjectConfigurationPlatforms) = postSolution
		{34D0532D-E59E-4E1D-B6AB-FAF7AFAD6DCF}.Debug|Any CPU.ActiveCfg = Debug|Any CPU
		{34D0532D-E59E-4E1D-B6AB-FAF7AFAD6DCF}.Debug|Any CPU.Build.0 = Debug|Any CPU
		{34D0532D-E59E-4E1D-B6AB-FAF7AFAD6DCF}.Release|Any CPU.ActiveCfg = Release|Any CPU
		{34D0532D-E59E-4E1D-B6AB-FAF7AFAD6DCF}.Release|Any CPU.Build.0 = Release|Any CPU
		{62B39CB6-98F8-44AE-B1AA-150B343EE15C}.Debug|Any CPU.ActiveCfg = Debug|Any CPU
		{62B39CB6-98F8-44AE-B1AA-150B343EE15C}.Debug|Any CPU.Build.0 = Debug|Any CPU
		{62B39CB6-98F8-44AE-B1AA-150B343EE15C}.Release|Any CPU.ActiveCfg = Release|Any CPU
		{62B39CB6-98F8-44AE-B1AA-150B343EE15C}.Release|Any CPU.Build.0 = Release|Any CPU
	EndGlobalSection
	GlobalSection(SolutionProperties) = preSolution
		HideSolutionNode = FALSE
	EndGlobalSection
EndGlobal
